// !$*UTF8*$!
{
	archiveVersion = 1;
	classes = {
	};
	objectVersion = 46;
	objects = {

/* Begin PBXBuildFile section */
		422903591A910E0400A3BBAC /* AppDelegate.swift in Sources */ = {isa = PBXBuildFile; fileRef = 422903581A910E0400A3BBAC /* AppDelegate.swift */; };
		4229035B1A910E0400A3BBAC /* ViewController.swift in Sources */ = {isa = PBXBuildFile; fileRef = 4229035A1A910E0400A3BBAC /* ViewController.swift */; };
		4229035E1A910E0400A3BBAC /* Main.storyboard in Resources */ = {isa = PBXBuildFile; fileRef = 4229035C1A910E0400A3BBAC /* Main.storyboard */; };
		422903601A910E0400A3BBAC /* Images.xcassets in Resources */ = {isa = PBXBuildFile; fileRef = 4229035F1A910E0400A3BBAC /* Images.xcassets */; };
		422903631A910E0400A3BBAC /* LaunchScreen.xib in Resources */ = {isa = PBXBuildFile; fileRef = 422903611A910E0400A3BBAC /* LaunchScreen.xib */; };
		4229036F1A910E0400A3BBAC /* BullsEyeExpTests.swift in Sources */ = {isa = PBXBuildFile; fileRef = 4229036E1A910E0400A3BBAC /* BullsEyeExpTests.swift */; };
		422903791A916EB400A3BBAC /* AboutViewController.swift in Sources */ = {isa = PBXBuildFile; fileRef = 422903781A916EB400A3BBAC /* AboutViewController.swift */; };
		4229037B1A918F4800A3BBAC /* BullsEye.html in Resources */ = {isa = PBXBuildFile; fileRef = 4229037A1A918F4800A3BBAC /* BullsEye.html */; };
/* End PBXBuildFile section */

/* Begin PBXContainerItemProxy section */
		422903691A910E0400A3BBAC /* PBXContainerItemProxy */ = {
			isa = PBXContainerItemProxy;
			containerPortal = 4229034B1A910E0400A3BBAC /* Project object */;
			proxyType = 1;
			remoteGlobalIDString = 422903521A910E0400A3BBAC;
			remoteInfo = BullsEyeExp;
		};
/* End PBXContainerItemProxy section */

/* Begin PBXFileReference section */
		422903531A910E0400A3BBAC /* BullsEyeExp.app */ = {isa = PBXFileReference; explicitFileType = wrapper.application; includeInIndex = 0; path = BullsEyeExp.app; sourceTree = BUILT_PRODUCTS_DIR; };
		422903571A910E0400A3BBAC /* Info.plist */ = {isa = PBXFileReference; lastKnownFileType = text.plist.xml; path = Info.plist; sourceTree = "<group>"; };
		422903581A910E0400A3BBAC /* AppDelegate.swift */ = {isa = PBXFileReference; lastKnownFileType = sourcecode.swift; path = AppDelegate.swift; sourceTree = "<group>"; };
		4229035A1A910E0400A3BBAC /* ViewController.swift */ = {isa = PBXFileReference; lastKnownFileType = sourcecode.swift; path = ViewController.swift; sourceTree = "<group>"; };
		4229035D1A910E0400A3BBAC /* Base */ = {isa = PBXFileReference; lastKnownFileType = file.storyboard; name = Base; path = Base.lproj/Main.storyboard; sourceTree = "<group>"; };
		4229035F1A910E0400A3BBAC /* Images.xcassets */ = {isa = PBXFileReference; lastKnownFileType = folder.assetcatalog; path = Images.xcassets; sourceTree = "<group>"; };
		422903621A910E0400A3BBAC /* Base */ = {isa = PBXFileReference; lastKnownFileType = file.xib; name = Base; path = Base.lproj/LaunchScreen.xib; sourceTree = "<group>"; };
		422903681A910E0400A3BBAC /* BullsEyeExpTests.xctest */ = {isa = PBXFileReference; explicitFileType = wrapper.cfbundle; includeInIndex = 0; path = BullsEyeExpTests.xctest; sourceTree = BUILT_PRODUCTS_DIR; };
		4229036D1A910E0400A3BBAC /* Info.plist */ = {isa = PBXFileReference; lastKnownFileType = text.plist.xml; path = Info.plist; sourceTree = "<group>"; };
		4229036E1A910E0400A3BBAC /* BullsEyeExpTests.swift */ = {isa = PBXFileReference; lastKnownFileType = sourcecode.swift; path = BullsEyeExpTests.swift; sourceTree = "<group>"; };
		422903781A916EB400A3BBAC /* AboutViewController.swift */ = {isa = PBXFileReference; fileEncoding = 4; lastKnownFileType = sourcecode.swift; path = AboutViewController.swift; sourceTree = SOURCE_ROOT; };
		4229037A1A918F4800A3BBAC /* BullsEye.html */ = {isa = PBXFileReference; fileEncoding = 4; lastKnownFileType = text.html; path = BullsEye.html; sourceTree = "<group>"; };
/* End PBXFileReference section */

/* Begin PBXFrameworksBuildPhase section */
		422903501A910E0400A3BBAC /* Frameworks */ = {
			isa = PBXFrameworksBuildPhase;
			buildActionMask = 2147483647;
			files = (
			);
			runOnlyForDeploymentPostprocessing = 0;
		};
		422903651A910E0400A3BBAC /* Frameworks */ = {
			isa = PBXFrameworksBuildPhase;
			buildActionMask = 2147483647;
			files = (
			);
			runOnlyForDeploymentPostprocessing = 0;
		};
/* End PBXFrameworksBuildPhase section */

/* Begin PBXGroup section */
		4229034A1A910E0400A3BBAC = {
			isa = PBXGroup;
			children = (
				4229037A1A918F4800A3BBAC /* BullsEye.html */,
				422903551A910E0400A3BBAC /* BullsEyeExp */,
				4229036B1A910E0400A3BBAC /* BullsEyeExpTests */,
				422903541A910E0400A3BBAC /* Products */,
			);
			sourceTree = "<group>";
		};
		422903541A910E0400A3BBAC /* Products */ = {
			isa = PBXGroup;
			children = (
				422903531A910E0400A3BBAC /* BullsEyeExp.app */,
				422903681A910E0400A3BBAC /* BullsEyeExpTests.xctest */,
			);
			name = Products;
			sourceTree = "<group>";
		};
		422903551A910E0400A3BBAC /* BullsEyeExp */ = {
			isa = PBXGroup;
			children = (
				422903581A910E0400A3BBAC /* AppDelegate.swift */,
				4229035A1A910E0400A3BBAC /* ViewController.swift */,
				422903781A916EB400A3BBAC /* AboutViewController.swift */,
				4229035C1A910E0400A3BBAC /* Main.storyboard */,
				4229035F1A910E0400A3BBAC /* Images.xcassets */,
				422903611A910E0400A3BBAC /* LaunchScreen.xib */,
				422903561A910E0400A3BBAC /* Supporting Files */,
			);
			path = BullsEyeExp;
			sourceTree = "<group>";
		};
		422903561A910E0400A3BBAC /* Supporting Files */ = {
			isa = PBXGroup;
			children = (
				422903571A910E0400A3BBAC /* Info.plist */,
			);
			name = "Supporting Files";
			sourceTree = "<group>";
		};
		4229036B1A910E0400A3BBAC /* BullsEyeExpTests */ = {
			isa = PBXGroup;
			children = (
				4229036E1A910E0400A3BBAC /* BullsEyeExpTests.swift */,
				4229036C1A910E0400A3BBAC /* Supporting Files */,
			);
			path = BullsEyeExpTests;
			sourceTree = "<group>";
		};
		4229036C1A910E0400A3BBAC /* Supporting Files */ = {
			isa = PBXGroup;
			children = (
				4229036D1A910E0400A3BBAC /* Info.plist */,
			);
			name = "Supporting Files";
			sourceTree = "<group>";
		};
/* End PBXGroup section */

/* Begin PBXNativeTarget section */
		422903521A910E0400A3BBAC /* BullsEyeExp */ = {
			isa = PBXNativeTarget;
			buildConfigurationList = 422903721A910E0400A3BBAC /* Build configuration list for PBXNativeTarget "BullsEyeExp" */;
			buildPhases = (
				4229034F1A910E0400A3BBAC /* Sources */,
				422903501A910E0400A3BBAC /* Frameworks */,
				422903511A910E0400A3BBAC /* Resources */,
			);
			buildRules = (
			);
			dependencies = (
			);
			name = BullsEyeExp;
			productName = BullsEyeExp;
			productReference = 422903531A910E0400A3BBAC /* BullsEyeExp.app */;
			productType = "com.apple.product-type.application";
		};
		422903671A910E0400A3BBAC /* BullsEyeExpTests */ = {
			isa = PBXNativeTarget;
			buildConfigurationList = 422903751A910E0400A3BBAC /* Build configuration list for PBXNativeTarget "BullsEyeExpTests" */;
			buildPhases = (
				422903641A910E0400A3BBAC /* Sources */,
				422903651A910E0400A3BBAC /* Frameworks */,
				422903661A910E0400A3BBAC /* Resources */,
			);
			buildRules = (
			);
			dependencies = (
				4229036A1A910E0400A3BBAC /* PBXTargetDependency */,
			);
			name = BullsEyeExpTests;
			productName = BullsEyeExpTests;
			productReference = 422903681A910E0400A3BBAC /* BullsEyeExpTests.xctest */;
			productType = "com.apple.product-type.bundle.unit-test";
		};
/* End PBXNativeTarget section */

/* Begin PBXProject section */
		4229034B1A910E0400A3BBAC /* Project object */ = {
			isa = PBXProject;
			attributes = {
				LastUpgradeCheck = 0610;
				ORGANIZATIONNAME = "akhilesh kalaru";
				TargetAttributes = {
					422903521A910E0400A3BBAC = {
						CreatedOnToolsVersion = 6.1.1;
					};
					422903671A910E0400A3BBAC = {
						CreatedOnToolsVersion = 6.1.1;
						TestTargetID = 422903521A910E0400A3BBAC;
					};
				};
			};
			buildConfigurationList = 4229034E1A910E0400A3BBAC /* Build configuration list for PBXProject "BullsEyeExp" */;
			compatibilityVersion = "Xcode 3.2";
			developmentRegion = English;
			hasScannedForEncodings = 0;
			knownRegions = (
				en,
				Base,
			);
			mainGroup = 4229034A1A910E0400A3BBAC;
			productRefGroup = 422903541A910E0400A3BBAC /* Products */;
			projectDirPath = "";
			projectRoot = "";
			targets = (
				422903521A910E0400A3BBAC /* BullsEyeExp */,
				422903671A910E0400A3BBAC /* BullsEyeExpTests */,
			);
		};
/* End PBXProject section */

/* Begin PBXResourcesBuildPhase section */
		422903511A910E0400A3BBAC /* Resources */ = {
			isa = PBXResourcesBuildPhase;
			buildActionMask = 2147483647;
			files = (
				4229035E1A910E0400A3BBAC /* Main.storyboard in Resources */,
				4229037B1A918F4800A3BBAC /* BullsEye.html in Resources */,
				422903631A910E0400A3BBAC /* LaunchScreen.xib in Resources */,
				422903601A910E0400A3BBAC /* Images.xcassets in Resources */,
			);
			runOnlyForDeploymentPostprocessing = 0;
		};
		422903661A910E0400A3BBAC /* Resources */ = {
			isa = PBXResourcesBuildPhase;
			buildActionMask = 2147483647;
			files = (
			);
			runOnlyForDeploymentPostprocessing = 0;
		};
/* End PBXResourcesBuildPhase section */

/* Begin PBXSourcesBuildPhase section */
		4229034F1A910E0400A3BBAC /* Sources */ = {
			isa = PBXSourcesBuildPhase;
			buildActionMask = 2147483647;
			files = (
				422903791A916EB400A3BBAC /* AboutViewController.swift in Sources */,
				4229035B1A910E0400A3BBAC /* ViewController.swift in Sources */,
				422903591A910E0400A3BBAC /* AppDelegate.swift in Sources */,
			);
			runOnlyForDeploymentPostprocessing = 0;
		};
		422903641A910E0400A3BBAC /* Sources */ = {
			isa = PBXSourcesBuildPhase;
			buildActionMask = 2147483647;
			files = (
				4229036F1A910E0400A3BBAC /* BullsEyeExpTests.swift in Sources */,
			);
			runOnlyForDeploymentPostprocessing = 0;
		};
/* End PBXSourcesBuildPhase section */

/* Begin PBXTargetDependency section */
		4229036A1A910E0400A3BBAC /* PBXTargetDependency */ = {
			isa = PBXTargetDependency;
			target = 422903521A910E0400A3BBAC /* BullsEyeExp */;
			targetProxy = 422903691A910E0400A3BBAC /* PBXContainerItemProxy */;
		};
/* End PBXTargetDependency section */

/* Begin PBXVariantGroup section */
		4229035C1A910E0400A3BBAC /* Main.storyboard */ = {
			isa = PBXVariantGroup;
			children = (
				4229035D1A910E0400A3BBAC /* Base */,
			);
			name = Main.storyboard;
			sourceTree = "<group>";
		};
		422903611A910E0400A3BBAC /* LaunchScreen.xib */ = {
			isa = PBXVariantGroup;
			children = (
				422903621A910E0400A3BBAC /* Base */,
			);
			name = LaunchScreen.xib;
			sourceTree = "<group>";
		};
/* End PBXVariantGroup section */

/* Begin XCBuildConfiguration section */
		422903701A910E0400A3BBAC /* Debug */ = {
			isa = XCBuildConfiguration;
			buildSettings = {
				ALWAYS_SEARCH_USER_PATHS = NO;
				CLANG_CXX_LANGUAGE_STANDARD = "gnu++0x";
				CLANG_CXX_LIBRARY = "libc++";
				CLANG_ENABLE_MODULES = YES;
				CLANG_ENABLE_OBJC_ARC = YES;
				CLANG_WARN_BOOL_CONVERSION = YES;
				CLANG_WARN_CONSTANT_CONVERSION = YES;
				CLANG_WARN_DIRECT_OBJC_ISA_USAGE = YES_ERROR;
				CLANG_WARN_EMPTY_BODY = YES;
				CLANG_WARN_ENUM_CONVERSION = YES;
				CLANG_WARN_INT_CONVERSION = YES;
				CLANG_WARN_OBJC_ROOT_CLASS = YES_ERROR;
				CLANG_WARN_UNREACHABLE_CODE = YES;
				CLANG_WARN__DUPLICATE_METHOD_MATCH = YES;
				"CODE_SIGN_IDENTITY[sdk=iphoneos*]" = "iPhone Developer";
				COPY_PHASE_STRIP = NO;
				ENABLE_STRICT_OBJC_MSGSEND = YES;
				GCC_C_LANGUAGE_STANDARD = gnu99;
				GCC_DYNAMIC_NO_PIC = NO;
				GCC_OPTIMIZATION_LEVEL = 0;
				GCC_PREPROCESSOR_DEFINITIONS = (
					"DEBUG=1",
					"$(inherited)",
				);
				GCC_SYMBOLS_PRIVATE_EXTERN = NO;
				GCC_WARN_64_TO_32_BIT_CONVERSION = YES;
				GCC_WARN_ABOUT_RETURN_TYPE = YES_ERROR;
				GCC_WARN_UNDECLARED_SELECTOR = YES;
				GCC_WARN_UNINITIALIZED_AUTOS = YES_AGGRESSIVE;
				GCC_WARN_UNUSED_FUNCTION = YES;
				GCC_WARN_UNUSED_VARIABLE = YES;
				IPHONEOS_DEPLOYMENT_TARGET = 8.1;
				MTL_ENABLE_DEBUG_INFO = YES;
				ONLY_ACTIVE_ARCH = YES;
				SDKROOT = iphoneos;
				SWIFT_OPTIMIZATION_LEVEL = "-Onone";
			};
			name = Debug;
		};
		422903711A910E0400A3BBAC /* Release */ = {
			isa = XCBuildConfiguration;
			buildSettings = {
				ALWAYS_SEARCH_USER_PATHS = NO;
				CLANG_CXX_LANGUAGE_STANDARD = "gnu++0x";
				CLANG_CXX_LIBRARY = "libc++";
				CLANG_ENABLE_MODULES = YES;
				CLANG_ENABLE_OBJC_ARC = YES;
				CLANG_WARN_BOOL_CONVERSION = YES;
				CLANG_WARN_CONSTANT_CONVERSION = YES;
				CLANG_WARN_DIRECT_OBJC_ISA_USAGE = YES_ERROR;
				CLANG_WARN_EMPTY_BODY = YES;
				CLANG_WARN_ENUM_CONVERSION = YES;
				CLANG_WARN_INT_CONVERSION = YES;
				CLANG_WARN_OBJC_ROOT_CLASS = YES_ERROR;
				CLANG_WARN_UNREACHABLE_CODE = YES;
				CLANG_WARN__DUPLICATE_METHOD_MATCH = YES;
				"CODE_SIGN_IDENTITY[sdk=iphoneos*]" = "iPhone Developer";
				COPY_PHASE_STRIP = YES;
				ENABLE_NS_ASSERTIONS = NO;
				ENABLE_STRICT_OBJC_MSGSEND = YES;
				GCC_C_LANGUAGE_STANDARD = gnu99;
				GCC_WARN_64_TO_32_BIT_CONVERSION = YES;
				GCC_WARN_ABOUT_RETURN_TYPE = YES_ERROR;
				GCC_WARN_UNDECLARED_SELECTOR = YES;
				GCC_WARN_UNINITIALIZED_AUTOS = YES_AGGRESSIVE;
				GCC_WARN_UNUSED_FUNCTION = YES;
				GCC_WARN_UNUSED_VARIABLE = YES;
				IPHONEOS_DEPLOYMENT_TARGET = 8.1;
				MTL_ENABLE_DEBUG_INFO = NO;
				SDKROOT = iphoneos;
				VALIDATE_PRODUCT = YES;
			};
			name = Release;
		};
		422903731A910E0400A3BBAC /* Debug */ = {
			isa = XCBuildConfiguration;
			buildSettings = {
				ASSETCATALOG_COMPILER_APPICON_NAME = AppIcon;
				INFOPLIST_FILE = BullsEyeExp/Info.plist;
				LD_RUNPATH_SEARCH_PATHS = "$(inherited) @executable_path/Frameworks";
				PRODUCT_NAME = "$(TARGET_NAME)";
			};
			name = Debug;
		};
		422903741A910E0400A3BBAC /* Release */ = {
			isa = XCBuildConfiguration;
			buildSettings = {
				ASSETCATALOG_COMPILER_APPICON_NAME = AppIcon;
				INFOPLIST_FILE = BullsEyeExp/Info.plist;
				LD_RUNPATH_SEARCH_PATHS = "$(inherited) @executable_path/Frameworks";
				PRODUCT_NAME = "$(TARGET_NAME)";
			};
			name = Release;
		};
		422903761A910E0400A3BBAC /* Debug */ = {
			isa = XCBuildConfiguration;
			buildSettings = {
				BUNDLE_LOADER = "$(TEST_HOST)";
				FRAMEWORK_SEARCH_PATHS = (
					"$(SDKROOT)/Developer/Library/Frameworks",
					"$(inherited)",
				);
				GCC_PREPROCESSOR_DEFINITIONS = (
					"DEBUG=1",
					"$(inherited)",
				);
				INFOPLIST_FILE = BullsEyeExpTests/Info.plist;
				LD_RUNPATH_SEARCH_PATHS = "$(inherited) @executable_path/Frameworks @loader_path/Frameworks";
				PRODUCT_NAME = "$(TARGET_NAME)";
				TEST_HOST = "$(BUILT_PRODUCTS_DIR)/BullsEyeExp.app/BullsEyeExp";
			};
			name = Debug;
		};
		422903771A910E0400A3BBAC /* Release */ = {
			isa = XCBuildConfiguration;
			buildSettings = {
				BUNDLE_LOADER = "$(TEST_HOST)";
				FRAMEWORK_SEARCH_PATHS = (
					"$(SDKROOT)/Developer/Library/Frameworks",
					"$(inherited)",
				);
				INFOPLIST_FILE = BullsEyeExpTests/Info.plist;
				LD_RUNPATH_SEARCH_PATHS = "$(inherited) @executable_path/Frameworks @loader_path/Frameworks";
				PRODUCT_NAME = "$(TARGET_NAME)";
				TEST_HOST = "$(BUILT_PRODUCTS_DIR)/BullsEyeExp.app/BullsEyeExp";
			};
			name = Release;
		};
/* End XCBuildConfiguration section */

/* Begin XCConfigurationList section */
		4229034E1A910E0400A3BBAC /* Build configuration list for PBXProject "BullsEyeExp" */ = {
			isa = XCConfigurationList;
			buildConfigurations = (
				422903701A910E0400A3BBAC /* Debug */,
				422903711A910E0400A3BBAC /* Release */,
			);
			defaultConfigurationIsVisible = 0;
			defaultConfigurationName = Release;
		};
		422903721A910E0400A3BBAC /* Build configuration list for PBXNativeTarget "BullsEyeExp" */ = {
			isa = XCConfigurationList;
			buildConfigurations = (
				422903731A910E0400A3BBAC /* Debug */,
				422903741A910E0400A3BBAC /* Release */,
			);
			defaultConfigurationIsVisible = 0;
			defaultConfigurationName = Release;
		};
		422903751A910E0400A3BBAC /* Build configuration list for PBXNativeTarget "BullsEyeExpTests" */ = {
			isa = XCConfigurationList;
			buildConfigurations = (
				422903761A910E0400A3BBAC /* Debug */,
				422903771A910E0400A3BBAC /* Release */,
			);
			defaultConfigurationIsVisible = 0;
			defaultConfigurationName = Release;
		};
/* End XCConfigurationList section */
	};
	rootObject = 4229034B1A910E0400A3BBAC /* Project object */;
}
